{
  "requires": true,
  "lockfileVersion": 1,
  "dependencies": {
    "mini-antui": {
      "version": "0.4.2",
      "resolved": "https://registry.npmjs.org/mini-antui/-/mini-antui-0.4.2.tgz",
      "integrity": "sha512-fVE4zz0ZAo4vv7ub+DS8zEHtqgpJtRy5+eD9tObU2A5dtlgowuTH70QmPBoZdknmkbo8NqYw4KaSxESbyKEhJw=="
    }
  }
}
